schema: '2.0'
stages:
  download:
    cmd: stages/01_download.sh
    deps:
    - path: stages/01_download.sh
      hash: md5
      md5: c2cec074f10db226dcc8c1bae52aff5f
      size: 852
      isexec: true
    outs:
    - path: download
      hash: md5
      md5: 0e86472dae7668c0edc8e45abd6178ff.dir
      size: 3484124231
      nfiles: 89
    - path: list
      hash: md5
      md5: 8151e17d76c8b6c0d6d07cad1007c771.dir
      size: 54548
      nfiles: 2
  unzip:
    cmd: stages/02_unzip.sh
    deps:
    - path: download
      hash: md5
      md5: 0e86472dae7668c0edc8e45abd6178ff.dir
      size: 3484124231
      nfiles: 89
    - path: list
      hash: md5
      md5: 8151e17d76c8b6c0d6d07cad1007c771.dir
      size: 54548
      nfiles: 2
    - path: stages/02_unzip.sh
      hash: md5
      md5: 7ba3273a4781b5d8d25d0022859758d6
      size: 816
      isexec: true
    outs:
    - path: raw
      hash: md5
      md5: 0066180e2d36f50ee99be9712881e7ab.dir
      size: 19843369984
      nfiles: 1334
  build:
    cmd: stages/03_build.sh
    deps:
    - path: list
      hash: md5
      md5: 8151e17d76c8b6c0d6d07cad1007c771.dir
      size: 54548
      nfiles: 2
    - path: raw
      hash: md5
      md5: 0066180e2d36f50ee99be9712881e7ab.dir
      size: 19843369984
      nfiles: 1334
    - path: stages/03_build.sh
      hash: md5
      md5: c305ddbb56a454c12e39ea495e3a9f8b
      size: 873
      isexec: true
    outs:
    - path: brick
      hash: md5
      md5: 36a6f8787563f9b23976185684e0c90b.dir
      size: 3427759203
      nfiles: 623
