schema: '2.0'
stages:
  download:
    cmd: stages/01_download.sh
    deps:
    - path: stages/01_download.sh
      hash: md5
      md5: c2cec074f10db226dcc8c1bae52aff5f
      size: 852
    outs:
    - path: download
      hash: md5
      md5: fc7c5ae6df8774baa356ed21ca71929a.dir
      size: 2941602158
      nfiles: 81
    - path: list
      hash: md5
      md5: 7a788031ac749fb448f5ae50ef881ee6.dir
      size: 49807
      nfiles: 2
  unzip:
    cmd: stages/02_unzip.sh
    deps:
    - path: download
      hash: md5
      md5: fc7c5ae6df8774baa356ed21ca71929a.dir
      size: 2941602158
      nfiles: 81
    - path: list
      hash: md5
      md5: 7a788031ac749fb448f5ae50ef881ee6.dir
      size: 49807
      nfiles: 2
    - path: stages/02_unzip.sh
      hash: md5
      md5: fed5f14c73488df378cd918291d07ebf
      size: 595
    outs:
    - path: raw
      hash: md5
      md5: d56657f52a36a7583dd5aa988b76d5f9.dir
      size: 16702771069
      nfiles: 1189
  build:
    cmd: stages/03_build.sh
    deps:
    - path: list
      hash: md5
      md5: 7a788031ac749fb448f5ae50ef881ee6.dir
      size: 49807
      nfiles: 2
    - path: raw
      hash: md5
      md5: d56657f52a36a7583dd5aa988b76d5f9.dir
      size: 16702771069
      nfiles: 1189
    - path: stages/03_build.sh
      hash: md5
      md5: 1d7a28eee0db6795fc0b55493fcef6c2
      size: 868
    outs:
    - path: brick
      hash: md5
      md5: 7044718b7b90a0fd0bf96f2b3c397e8a.dir
      size: 2720616009
      nfiles: 486
