schema: '2.0'
stages:
  download:
    cmd: stages/01_download.sh
    deps:
    - path: stages/01_download.sh
      md5: 3c28cf1b8a067a2445ee5e40de7c2f5d
      size: 1414
    outs:
    - path: download
      md5: cde2df2617af4a2f9d778af1a8de37b7.dir
      size: 2464797536
      nfiles: 74
    - path: list
      md5: abdc4b481089510753fbce5c1f87c884.dir
      size: 1667
      nfiles: 1
  unzip:
    cmd: stages/02_unzip.sh
    deps:
    - path: download
      md5: cde2df2617af4a2f9d778af1a8de37b7.dir
      size: 2464797536
      nfiles: 74
    - path: list
      md5: abdc4b481089510753fbce5c1f87c884.dir
      size: 1667
      nfiles: 1
    - path: stages/02_unzip.sh
      md5: 8f2053d9bb743fc254a7ca73a16320dd
      size: 583
    outs:
    - path: raw
      md5: 4b1d6599899c870d3e79df59396f1d24.dir
      size: 13880263237
      nfiles: 1052
  build:
    cmd: stages/03_build.sh
    deps:
    - path: list
      md5: abdc4b481089510753fbce5c1f87c884.dir
      size: 1667
      nfiles: 1
    - path: raw
      md5: 4b1d6599899c870d3e79df59396f1d24.dir
      size: 13880263237
      nfiles: 1052
    - path: stages/03_build.sh
      md5: 1e88d659c2ed93021460498e2052ad15
      size: 842
    - path: stages/csv2parquet.py
      md5: 03c4448a34539ce50ac6c9734a61257c
      size: 321
    outs:
    - path: brick
      md5: 44aa3a9ad18566bdde281dffc24bb9c8.dir
      size: 1559580247
      nfiles: 366
